
Microsoft Visual Studio Solution File, Format Version 12.00
# Visual Studio 15
VisualStudioVersion = 15.0.27004.2010
MinimumVisualStudioVersion = 10.0.40219.1
Project("{9A19103F-16F7-4668-BE54-9A1E7A4F7556}") = "LogoFX.Server.Bootstrapping.NETStandard20", "LogoFX.Server.Bootstrapping\netstandard2.0\LogoFX.Server.Bootstrapping.NETStandard20.csproj", "{F2B7E7A2-19E0-41D6-898A-EA6660F2F05A}"
EndProject
Project("{FAE04EC0-301F-11D3-BF4B-00C04F79EFBC}") = "LogoFX.Server.Bootstrapping.NET461", "LogoFX.Server.Bootstrapping\net461\LogoFX.Server.Bootstrapping.NET461.csproj", "{1DC04E94-276F-4CC3-BAAD-C27B6F77FB12}"
EndProject
Project("{FAE04EC0-301F-11D3-BF4B-00C04F79EFBC}") = "LogoFX.Server.Bootstrapping.Mvc.NET461", "LogoFX.Server.Bootstrapping.Mvc\net461\LogoFX.Server.Bootstrapping.Mvc.NET461.csproj", "{F90011E1-654F-4434-8A24-0760CE7EE0BD}"
EndProject
Project("{9A19103F-16F7-4668-BE54-9A1E7A4F7556}") = "LogoFX.Server.Bootstrapping.Mvc.NETStandard20", "LogoFX.Server.Bootstrapping.Mvc\netstandard2.0\LogoFX.Server.Bootstrapping.Mvc.NETStandard20.csproj", "{B5962A9B-2C7D-4722-9986-12F18897BD54}"
EndProject
Project("{9A19103F-16F7-4668-BE54-9A1E7A4F7556}") = "LogoFX.Server.Bootstrapping.Mvc.NETStandard16", "LogoFX.Server.Bootstrapping.Mvc\netstandard1.6\LogoFX.Server.Bootstrapping.Mvc.NETStandard16.csproj", "{2E3A0448-92FB-4432-B2D6-FF63979F2D21}"
EndProject
Project("{9A19103F-16F7-4668-BE54-9A1E7A4F7556}") = "LogoFX.Server.Bootstrapping.NETStandard16", "LogoFX.Server.Bootstrapping\netstandard1.6\LogoFX.Server.Bootstrapping.NETStandard16.csproj", "{76BDBC0B-DB36-4473-BBBB-D0AA88B02124}"
EndProject
Global
	GlobalSection(SolutionConfigurationPlatforms) = preSolution
		Debug|Any CPU = Debug|Any CPU
		Release|Any CPU = Release|Any CPU
	EndGlobalSection
	GlobalSection(ProjectConfigurationPlatforms) = postSolution
		{F2B7E7A2-19E0-41D6-898A-EA6660F2F05A}.Debug|Any CPU.ActiveCfg = Debug|Any CPU
		{F2B7E7A2-19E0-41D6-898A-EA6660F2F05A}.Debug|Any CPU.Build.0 = Debug|Any CPU
		{F2B7E7A2-19E0-41D6-898A-EA6660F2F05A}.Release|Any CPU.ActiveCfg = Release|Any CPU
		{F2B7E7A2-19E0-41D6-898A-EA6660F2F05A}.Release|Any CPU.Build.0 = Release|Any CPU
		{1DC04E94-276F-4CC3-BAAD-C27B6F77FB12}.Debug|Any CPU.ActiveCfg = Debug|Any CPU
		{1DC04E94-276F-4CC3-BAAD-C27B6F77FB12}.Debug|Any CPU.Build.0 = Debug|Any CPU
		{1DC04E94-276F-4CC3-BAAD-C27B6F77FB12}.Release|Any CPU.ActiveCfg = Release|Any CPU
		{1DC04E94-276F-4CC3-BAAD-C27B6F77FB12}.Release|Any CPU.Build.0 = Release|Any CPU
		{F90011E1-654F-4434-8A24-0760CE7EE0BD}.Debug|Any CPU.ActiveCfg = Debug|Any CPU
		{F90011E1-654F-4434-8A24-0760CE7EE0BD}.Debug|Any CPU.Build.0 = Debug|Any CPU
		{F90011E1-654F-4434-8A24-0760CE7EE0BD}.Release|Any CPU.ActiveCfg = Release|Any CPU
		{F90011E1-654F-4434-8A24-0760CE7EE0BD}.Release|Any CPU.Build.0 = Release|Any CPU
		{B5962A9B-2C7D-4722-9986-12F18897BD54}.Debug|Any CPU.ActiveCfg = Debug|Any CPU
		{B5962A9B-2C7D-4722-9986-12F18897BD54}.Debug|Any CPU.Build.0 = Debug|Any CPU
		{B5962A9B-2C7D-4722-9986-12F18897BD54}.Release|Any CPU.ActiveCfg = Release|Any CPU
		{B5962A9B-2C7D-4722-9986-12F18897BD54}.Release|Any CPU.Build.0 = Release|Any CPU
		{2E3A0448-92FB-4432-B2D6-FF63979F2D21}.Debug|Any CPU.ActiveCfg = Debug|Any CPU
		{2E3A0448-92FB-4432-B2D6-FF63979F2D21}.Debug|Any CPU.Build.0 = Debug|Any CPU
		{2E3A0448-92FB-4432-B2D6-FF63979F2D21}.Release|Any CPU.ActiveCfg = Release|Any CPU
		{2E3A0448-92FB-4432-B2D6-FF63979F2D21}.Release|Any CPU.Build.0 = Release|Any CPU
		{76BDBC0B-DB36-4473-BBBB-D0AA88B02124}.Debug|Any CPU.ActiveCfg = Debug|Any CPU
		{76BDBC0B-DB36-4473-BBBB-D0AA88B02124}.Debug|Any CPU.Build.0 = Debug|Any CPU
		{76BDBC0B-DB36-4473-BBBB-D0AA88B02124}.Release|Any CPU.ActiveCfg = Release|Any CPU
		{76BDBC0B-DB36-4473-BBBB-D0AA88B02124}.Release|Any CPU.Build.0 = Release|Any CPU
	EndGlobalSection
	GlobalSection(SolutionProperties) = preSolution
		HideSolutionNode = FALSE
	EndGlobalSection
	GlobalSection(ExtensibilityGlobals) = postSolution
		SolutionGuid = {8F017E0C-5A9C-40F4-B2DE-01027A3E4236}
	EndGlobalSection
EndGlobal
